schema: '2.0'
stages:
  data_ingestion:
    cmd: python src/data/data_ingestion.py
    deps:
    - path: src/data/data_ingestion.py
      hash: md5
      md5: ee08a4c31ae467cebbcce70b5cc5491a
      size: 3545
    params:
      params.yaml:
        data_ingestion.test_size: 0.25
    outs:
    - path: data/raw
      hash: md5
      md5: 3a301dd6a0b3caa261222635788eb1a5.dir
      size: 827973
      nfiles: 2
  data_preprocessing:
    cmd: python src/data/data_preprocessing.py
    deps:
    - path: data/raw
      hash: md5
      md5: 3a301dd6a0b3caa261222635788eb1a5.dir
      size: 827973
      nfiles: 2
    - path: src/data/data_preprocessing.py
      hash: md5
      md5: c1e18bf95fcc1e3d80cae9ee7c4a6383
      size: 4014
    outs:
    - path: data/interim
      hash: md5
      md5: 4616fdeb50815ff81106f3ec9d0fa432.dir
      size: 572633
      nfiles: 2
  feature_engineering:
    cmd: python src/features/feature_engineering.py
    deps:
    - path: data/interim
      hash: md5
      md5: 4616fdeb50815ff81106f3ec9d0fa432.dir
      size: 572633
      nfiles: 2
    - path: src/features/feature_engineering.py
      hash: md5
      md5: c1888aef256c204017522c2ce5fd36a0
      size: 3883
    params:
      params.yaml:
        feature_engineering.max_features: 5000
    outs:
    - path: data/processed
      hash: md5
      md5: 549df1627b0a98c9dd26eac07e235c13.dir
      size: 103818916
      nfiles: 2
    - path: models/vectorizer.pkl
      hash: md5
      md5: 006860c8eb022acc678836fe2274ed39
      size: 120162
  model_building:
    cmd: python src/model/model_building.py
    deps:
    - path: data/processed
      hash: md5
      md5: 549df1627b0a98c9dd26eac07e235c13.dir
      size: 103818916
      nfiles: 2
    - path: src/model/model_building.py
      hash: md5
      md5: 809681a98d52938b43c9befd0b00a422
      size: 2373
    outs:
    - path: models/model.pkl
      hash: md5
      md5: bbd63b44464f33afa36188a82b40255a
      size: 40716
  model_evaluation:
    cmd: python src/model/model_evaluation.py
    deps:
    - path: models/model.pkl
      hash: md5
      md5: bbd63b44464f33afa36188a82b40255a
      size: 40716
    - path: src/model/model_evaluation.py
      hash: md5
      md5: 9221a98f6c8ea50fec329b92075f1677
      size: 5648
    outs:
    - path: reports/experiment_info.json
      hash: md5
      md5: 6292c5ff3cb5d6a69ffb7e3b0cfbdfa7
      size: 82
    - path: reports/metrics.json
      hash: md5
      md5: 443cd473b4c8e98c1b03516725b65a4a
      size: 145
  model_registration:
    cmd: python src/model/register_model.py
    deps:
    - path: reports/experiment_info.json
      hash: md5
      md5: 6292c5ff3cb5d6a69ffb7e3b0cfbdfa7
      size: 82
    - path: src/model/register_model.py
      hash: md5
      md5: 6780bcd17c77e46d40d6c0651668d80b
      size: 2877
