schema: '2.0'
stages:
  data_ingestion:
    cmd: python src/data/data_ingestion.py
    deps:
    - path: src/data/data_ingestion.py
      hash: md5
      md5: ee08a4c31ae467cebbcce70b5cc5491a
      size: 3545
    params:
      params.yaml:
        data_ingestion.test_size: 0.15
    outs:
    - path: data/raw
      hash: md5
      md5: 9096031b858a2cbb24cca78d3ce8a538.dir
      size: 827973
      nfiles: 2
  data_preprocessing:
    cmd: python src/data/data_preprocessing.py
    deps:
    - path: data/raw
      hash: md5
      md5: 9096031b858a2cbb24cca78d3ce8a538.dir
      size: 827973
      nfiles: 2
    - path: src/data/data_preprocessing.py
      hash: md5
      md5: c1e18bf95fcc1e3d80cae9ee7c4a6383
      size: 4014
    outs:
    - path: data/interim
      hash: md5
      md5: 86a48174f84e01d0dbe3eb4ec884e623.dir
      size: 572633
      nfiles: 2
  feature_engineering:
    cmd: python src/features/feature_engineering.py
    deps:
    - path: data/interim
      hash: md5
      md5: 86a48174f84e01d0dbe3eb4ec884e623.dir
      size: 572633
      nfiles: 2
    - path: src/features/feature_engineering.py
      hash: md5
      md5: c1888aef256c204017522c2ce5fd36a0
      size: 3883
    params:
      params.yaml:
        feature_engineering.max_features: 2000
    outs:
    - path: data/processed
      hash: md5
      md5: 0959166e1bbbf2bf131e65e1d5701bf3.dir
      size: 41544916
      nfiles: 2
    - path: models/vectorizer.pkl
      hash: md5
      md5: da16c1bb629b798df527544dfa81a50f
      size: 46990
  model_building:
    cmd: python src/models/model_building.py
    deps:
    - path: data/processed
      hash: md5
      md5: 0959166e1bbbf2bf131e65e1d5701bf3.dir
      size: 41544916
      nfiles: 2
    - path: src/models/model_building.py
      hash: md5
      md5: 809681a98d52938b43c9befd0b00a422
      size: 2373
    outs:
    - path: models/model.pkl
      hash: md5
      md5: 37839b1be7fa45c2b5f49322af6c4779
      size: 16716
  model_evaluation:
    cmd: python src/models/model_evaluation.py
    deps:
    - path: models/model.pkl
      hash: md5
      md5: 37839b1be7fa45c2b5f49322af6c4779
      size: 16716
    - path: src/models/model_evaluation.py
      hash: md5
      md5: aa502c56c6281562a1a245f0643e9ec2
      size: 5734
    outs:
    - path: reports/experiment_info.json
      hash: md5
      md5: be6c716ef630bc5d32726ac6a8ce77cd
      size: 82
    - path: reports/metrics.json
      hash: md5
      md5: c8b4e4818cb07219141568bc73d973a5
      size: 145
